
Microsoft Visual Studio Solution File, Format Version 12.00
Project("{8BC9CEB8-8B4A-11D0-8D11-00A0C91BC942}") = "Lab1", "Lab1\Lab1.vcxproj", "{FB0C6DB7-6EE4-4866-9AE2-7EE371D4EF56}"
EndProject
Project("{8BC9CEB8-8B4A-11D0-8D11-00A0C91BC942}") = "Lab8", "Lab8\Lab8.vcxproj", "{8CC90944-E7E6-4EC7-BEBC-3957D2025756}"
EndProject
Project("{8BC9CEB8-8B4A-11D0-8D11-00A0C91BC942}") = "Lab6", "Lab6\Lab6.vcxproj", "{9A501234-9A29-479A-9E03-B16825897C76}"
EndProject
Project("{8BC9CEB8-8B4A-11D0-8D11-00A0C91BC942}") = "Lab4", "Lab4\Lab4.vcxproj", "{FFBC376D-3A4A-40EA-B3D3-F97189ADEE67}"
EndProject
Project("{8BC9CEB8-8B4A-11D0-8D11-00A0C91BC942}") = "Lab2", "Lab2\Lab2.vcxproj", "{94331DDE-6CD4-41D6-9810-110CCBD30D19}"
EndProject
Project("{8BC9CEB8-8B4A-11D0-8D11-00A0C91BC942}") = "Lab3", "Lab3\Lab3.vcxproj", "{038CD387-F6CF-413B-8EDE-6BAB339EF13B}"
EndProject
Project("{8BC9CEB8-8B4A-11D0-8D11-00A0C91BC942}") = "Lab5", "Lab5\Lab5.vcxproj", "{898C39DC-1FA3-4826-BACC-5193C91F76AA}"
EndProject
Project("{8BC9CEB8-8B4A-11D0-8D11-00A0C91BC942}") = "Lab7", "Lab7\Lab7.vcxproj", "{86597390-E523-4C72-B855-574A2A1CC095}"
EndProject
Global
	GlobalSection(SolutionConfigurationPlatforms) = preSolution
		Debug|Win32 = Debug|Win32
		Debug|x64 = Debug|x64
		Release|Win32 = Release|Win32
		Release|x64 = Release|x64
	EndGlobalSection
	GlobalSection(ProjectConfigurationPlatforms) = postSolution
		{FB0C6DB7-6EE4-4866-9AE2-7EE371D4EF56}.Debug|Win32.ActiveCfg = Debug|Win32
		{FB0C6DB7-6EE4-4866-9AE2-7EE371D4EF56}.Debug|Win32.Build.0 = Debug|Win32
		{FB0C6DB7-6EE4-4866-9AE2-7EE371D4EF56}.Debug|x64.ActiveCfg = Debug|x64
		{FB0C6DB7-6EE4-4866-9AE2-7EE371D4EF56}.Debug|x64.Build.0 = Debug|x64
		{FB0C6DB7-6EE4-4866-9AE2-7EE371D4EF56}.Release|Win32.ActiveCfg = Release|Win32
		{FB0C6DB7-6EE4-4866-9AE2-7EE371D4EF56}.Release|Win32.Build.0 = Release|Win32
		{FB0C6DB7-6EE4-4866-9AE2-7EE371D4EF56}.Release|x64.ActiveCfg = Release|x64
		{FB0C6DB7-6EE4-4866-9AE2-7EE371D4EF56}.Release|x64.Build.0 = Release|x64
		{8CC90944-E7E6-4EC7-BEBC-3957D2025756}.Debug|Win32.ActiveCfg = Debug|Win32
		{8CC90944-E7E6-4EC7-BEBC-3957D2025756}.Debug|Win32.Build.0 = Debug|Win32
		{8CC90944-E7E6-4EC7-BEBC-3957D2025756}.Debug|x64.ActiveCfg = Debug|x64
		{8CC90944-E7E6-4EC7-BEBC-3957D2025756}.Debug|x64.Build.0 = Debug|x64
		{8CC90944-E7E6-4EC7-BEBC-3957D2025756}.Release|Win32.ActiveCfg = Release|Win32
		{8CC90944-E7E6-4EC7-BEBC-3957D2025756}.Release|Win32.Build.0 = Release|Win32
		{8CC90944-E7E6-4EC7-BEBC-3957D2025756}.Release|x64.ActiveCfg = Release|x64
		{8CC90944-E7E6-4EC7-BEBC-3957D2025756}.Release|x64.Build.0 = Release|x64
		{9A501234-9A29-479A-9E03-B16825897C76}.Debug|Win32.ActiveCfg = Debug|Win32
		{9A501234-9A29-479A-9E03-B16825897C76}.Debug|Win32.Build.0 = Debug|Win32
		{9A501234-9A29-479A-9E03-B16825897C76}.Debug|x64.ActiveCfg = Debug|x64
		{9A501234-9A29-479A-9E03-B16825897C76}.Debug|x64.Build.0 = Debug|x64
		{9A501234-9A29-479A-9E03-B16825897C76}.Release|Win32.ActiveCfg = Release|Win32
		{9A501234-9A29-479A-9E03-B16825897C76}.Release|Win32.Build.0 = Release|Win32
		{9A501234-9A29-479A-9E03-B16825897C76}.Release|x64.ActiveCfg = Release|x64
		{9A501234-9A29-479A-9E03-B16825897C76}.Release|x64.Build.0 = Release|x64
		{FFBC376D-3A4A-40EA-B3D3-F97189ADEE67}.Debug|Win32.ActiveCfg = Debug|Win32
		{FFBC376D-3A4A-40EA-B3D3-F97189ADEE67}.Debug|Win32.Build.0 = Debug|Win32
		{FFBC376D-3A4A-40EA-B3D3-F97189ADEE67}.Debug|x64.ActiveCfg = Debug|x64
		{FFBC376D-3A4A-40EA-B3D3-F97189ADEE67}.Debug|x64.Build.0 = Debug|x64
		{FFBC376D-3A4A-40EA-B3D3-F97189ADEE67}.Release|Win32.ActiveCfg = Release|Win32
		{FFBC376D-3A4A-40EA-B3D3-F97189ADEE67}.Release|Win32.Build.0 = Release|Win32
		{FFBC376D-3A4A-40EA-B3D3-F97189ADEE67}.Release|x64.ActiveCfg = Release|x64
		{FFBC376D-3A4A-40EA-B3D3-F97189ADEE67}.Release|x64.Build.0 = Release|x64
		{94331DDE-6CD4-41D6-9810-110CCBD30D19}.Debug|Win32.ActiveCfg = Debug|Win32
		{94331DDE-6CD4-41D6-9810-110CCBD30D19}.Debug|Win32.Build.0 = Debug|Win32
		{94331DDE-6CD4-41D6-9810-110CCBD30D19}.Debug|x64.ActiveCfg = Debug|x64
		{94331DDE-6CD4-41D6-9810-110CCBD30D19}.Debug|x64.Build.0 = Debug|x64
		{94331DDE-6CD4-41D6-9810-110CCBD30D19}.Release|Win32.ActiveCfg = Release|Win32
		{94331DDE-6CD4-41D6-9810-110CCBD30D19}.Release|Win32.Build.0 = Release|Win32
		{94331DDE-6CD4-41D6-9810-110CCBD30D19}.Release|x64.ActiveCfg = Release|x64
		{94331DDE-6CD4-41D6-9810-110CCBD30D19}.Release|x64.Build.0 = Release|x64
		{038CD387-F6CF-413B-8EDE-6BAB339EF13B}.Debug|Win32.ActiveCfg = Debug|Win32
		{038CD387-F6CF-413B-8EDE-6BAB339EF13B}.Debug|Win32.Build.0 = Debug|Win32
		{038CD387-F6CF-413B-8EDE-6BAB339EF13B}.Debug|x64.ActiveCfg = Debug|x64
		{038CD387-F6CF-413B-8EDE-6BAB339EF13B}.Debug|x64.Build.0 = Debug|x64
		{038CD387-F6CF-413B-8EDE-6BAB339EF13B}.Release|Win32.ActiveCfg = Release|Win32
		{038CD387-F6CF-413B-8EDE-6BAB339EF13B}.Release|Win32.Build.0 = Release|Win32
		{038CD387-F6CF-413B-8EDE-6BAB339EF13B}.Release|x64.ActiveCfg = Release|x64
		{038CD387-F6CF-413B-8EDE-6BAB339EF13B}.Release|x64.Build.0 = Release|x64
		{898C39DC-1FA3-4826-BACC-5193C91F76AA}.Debug|Win32.ActiveCfg = Debug|Win32
		{898C39DC-1FA3-4826-BACC-5193C91F76AA}.Debug|Win32.Build.0 = Debug|Win32
		{898C39DC-1FA3-4826-BACC-5193C91F76AA}.Debug|x64.ActiveCfg = Debug|x64
		{898C39DC-1FA3-4826-BACC-5193C91F76AA}.Debug|x64.Build.0 = Debug|x64
		{898C39DC-1FA3-4826-BACC-5193C91F76AA}.Release|Win32.ActiveCfg = Release|Win32
		{898C39DC-1FA3-4826-BACC-5193C91F76AA}.Release|Win32.Build.0 = Release|Win32
		{898C39DC-1FA3-4826-BACC-5193C91F76AA}.Release|x64.ActiveCfg = Release|x64
		{898C39DC-1FA3-4826-BACC-5193C91F76AA}.Release|x64.Build.0 = Release|x64
		{86597390-E523-4C72-B855-574A2A1CC095}.Debug|Win32.ActiveCfg = Debug|Win32
		{86597390-E523-4C72-B855-574A2A1CC095}.Debug|Win32.Build.0 = Debug|Win32
		{86597390-E523-4C72-B855-574A2A1CC095}.Debug|x64.ActiveCfg = Debug|x64
		{86597390-E523-4C72-B855-574A2A1CC095}.Debug|x64.Build.0 = Debug|x64
		{86597390-E523-4C72-B855-574A2A1CC095}.Release|Win32.ActiveCfg = Release|Win32
		{86597390-E523-4C72-B855-574A2A1CC095}.Release|Win32.Build.0 = Release|Win32
		{86597390-E523-4C72-B855-574A2A1CC095}.Release|x64.ActiveCfg = Release|x64
		{86597390-E523-4C72-B855-574A2A1CC095}.Release|x64.Build.0 = Release|x64
	EndGlobalSection
EndGlobal
